# THIS IS AN AUTOGENERATED FILE. DO NOT EDIT THIS FILE DIRECTLY.
# yarn lockfile v1


"@esbuild/darwin-arm64@0.24.2":
  version "0.24.2"
  resolved "https://registry.npmjs.org/@esbuild/darwin-arm64/-/darwin-arm64-0.24.2.tgz"
  integrity sha512-kj3AnYWc+CekmZnS5IPu9D+HWtUI49hbnyqk0FLEJDbzCIQt7hg7ucF1SQAilhtYpIujfaHr6O0UHlzzSPdOeA==

"@eslint-community/eslint-utils@^4.2.0", "@eslint-community/eslint-utils@^4.4.0":
  version "4.4.1"
  resolved "https://registry.npmjs.org/@eslint-community/eslint-utils/-/eslint-utils-4.4.1.tgz"
  integrity sha512-s3O3waFUrMV8P/XaF/+ZTp1X9XBZW1a4B97ZnjQF2KYWaFD2A8KyFBsrsfSjEmjn3RGWAIuvlneuZm3CUK3jbA==
  dependencies:
    eslint-visitor-keys "^3.4.3"

"@eslint-community/regexpp@^4.10.0", "@eslint-community/regexpp@^4.12.1":
  version "4.12.1"
  resolved "https://registry.npmjs.org/@eslint-community/regexpp/-/regexpp-4.12.1.tgz"
  integrity sha512-CCZCDJuduB9OUkFkY2IgppNZMi2lBQgD2qzwXkEia16cge2pijY/aXi96CJMquDMn3nJdlPV1A5KrJEXwfLNzQ==

"@eslint/config-array@^0.19.0":
  version "0.19.2"
  resolved "https://registry.npmjs.org/@eslint/config-array/-/config-array-0.19.2.tgz"
  integrity sha512-GNKqxfHG2ySmJOBSHg7LxeUx4xpuCoFjacmlCoYWEbaPXLwvfIjixRI12xCQZeULksQb23uiA8F40w5TojpV7w==
  dependencies:
    "@eslint/object-schema" "^2.1.6"
    debug "^4.3.1"
    minimatch "^3.1.2"

"@eslint/core@^0.10.0":
  version "0.10.0"
  resolved "https://registry.npmjs.org/@eslint/core/-/core-0.10.0.tgz"
  integrity sha512-gFHJ+xBOo4G3WRlR1e/3G8A6/KZAH6zcE/hkLRCZTi/B9avAG365QhFA8uOGzTMqgTghpn7/fSnscW++dpMSAw==
  dependencies:
    "@types/json-schema" "^7.0.15"

"@eslint/eslintrc@^3.2.0":
  version "3.2.0"
  resolved "https://registry.npmjs.org/@eslint/eslintrc/-/eslintrc-3.2.0.tgz"
  integrity sha512-grOjVNN8P3hjJn/eIETF1wwd12DdnwFDoyceUJLYYdkpbwq3nLi+4fqrTAONx7XDALqlL220wC/RHSC/QTI/0w==
  dependencies:
    ajv "^6.12.4"
    debug "^4.3.2"
    espree "^10.0.1"
    globals "^14.0.0"
    ignore "^5.2.0"
    import-fresh "^3.2.1"
    js-yaml "^4.1.0"
    minimatch "^3.1.2"
    strip-json-comments "^3.1.1"

"@eslint/js@^9.19.0", "@eslint/js@9.19.0":
  version "9.19.0"
  resolved "https://registry.npmjs.org/@eslint/js/-/js-9.19.0.tgz"
  integrity sha512-rbq9/g38qjfqFLOVPvwjIvFFdNziEC5S65jmjPw5r6A//QH+W91akh9irMwjDN8zKUTak6W9EsAv4m/7Wnw0UQ==

"@eslint/object-schema@^2.1.6":
  version "2.1.6"
  resolved "https://registry.npmjs.org/@eslint/object-schema/-/object-schema-2.1.6.tgz"
  integrity sha512-RBMg5FRL0I0gs51M/guSAj5/e14VQ4tpZnQNWwuDT66P14I43ItmPfIZRhO9fUVIPOAQXU47atlywZ/czoqFPA==

"@eslint/plugin-kit@^0.2.5":
  version "0.2.5"
  resolved "https://registry.npmjs.org/@eslint/plugin-kit/-/plugin-kit-0.2.5.tgz"
  integrity sha512-lB05FkqEdUg2AA0xEbUz0SnkXT1LcCTa438W4IWTUh4hdOnVbQyOJ81OrDXsJk/LSiJHubgGEFoR5EHq1NsH1A==
  dependencies:
    "@eslint/core" "^0.10.0"
    levn "^0.4.1"

"@heroicons/react@^2.2.0":
  version "2.2.0"
  resolved "https://registry.npmjs.org/@heroicons/react/-/react-2.2.0.tgz"
  integrity sha512-LMcepvRaS9LYHJGsF0zzmgKCUim/X3N/DQKc4jepAXJ7l8QxJ1PmxJzqplF2Z3FE4PqBAIGyJAQ/w4B5dsqbtQ==

"@humanfs/core@^0.19.1":
  version "0.19.1"
  resolved "https://registry.npmjs.org/@humanfs/core/-/core-0.19.1.tgz"
  integrity sha512-5DyQ4+1JEUzejeK1JGICcideyfUbGixgS9jNgex5nqkW+cY7WZhxBigmieN5Qnw9ZosSNVC9KQKyb+GUaGyKUA==

"@humanfs/node@^0.16.6":
  version "0.16.6"
  resolved "https://registry.npmjs.org/@humanfs/node/-/node-0.16.6.tgz"
  integrity sha512-YuI2ZHQL78Q5HbhDiBA1X4LmYdXCKCMQIfw0pw7piHJwyREFebJUvrQN4cMssyES6x+vfUbx1CIpaQUKYdQZOw==
  dependencies:
    "@humanfs/core" "^0.19.1"
    "@humanwhocodes/retry" "^0.3.0"

"@humanwhocodes/module-importer@^1.0.1":
  version "1.0.1"
  resolved "https://registry.npmjs.org/@humanwhocodes/module-importer/-/module-importer-1.0.1.tgz"
  integrity sha512-bxveV4V8v5Yb4ncFTT3rPSgZBOpCkjfK0y4oVVVJwIuDVBRMDXrPyXRL988i5ap9m9bnyEEjWfm5WkBmtffLfA==

"@humanwhocodes/retry@^0.3.0":
  version "0.3.1"
  resolved "https://registry.npmjs.org/@humanwhocodes/retry/-/retry-0.3.1.tgz"
  integrity sha512-JBxkERygn7Bv/GbN5Rv8Ul6LVknS+5Bp6RgDC/O8gEBU/yeH5Ui5C/OlWrTb6qct7LjjfT6Re2NxB0ln0yYybA==

"@humanwhocodes/retry@^0.4.1":
  version "0.4.1"
  resolved "https://registry.npmjs.org/@humanwhocodes/retry/-/retry-0.4.1.tgz"
  integrity sha512-c7hNEllBlenFTHBky65mhq8WD2kbN9Q6gk0bTk8lSBvc554jpXSkST1iePudpt7+A/AQvuHs9EMqjHDXMY1lrA==

"@nodelib/fs.scandir@2.1.5":
  version "2.1.5"
  resolved "https://registry.npmjs.org/@nodelib/fs.scandir/-/fs.scandir-2.1.5.tgz"
  integrity sha512-vq24Bq3ym5HEQm2NKCr3yXDwjc7vTsEThRDnkp2DK9p1uqLR+DHurm/NOTo0KG7HYHU7eppKZj3MyqYuMBf62g==
  dependencies:
    "@nodelib/fs.stat" "2.0.5"
    run-parallel "^1.1.9"

"@nodelib/fs.stat@^2.0.2", "@nodelib/fs.stat@2.0.5":
  version "2.0.5"
  resolved "https://registry.npmjs.org/@nodelib/fs.stat/-/fs.stat-2.0.5.tgz"
  integrity sha512-RkhPPp2zrqDAQA/2jNhnztcPAlv64XdhIp7a7454A5ovI7Bukxgt7MX7udwAu3zg1DcpPU0rz3VV1SeaqvY4+A==

"@nodelib/fs.walk@^1.2.3":
  version "1.2.8"
  resolved "https://registry.npmjs.org/@nodelib/fs.walk/-/fs.walk-1.2.8.tgz"
  integrity sha512-oGB+UxlgWcgQkgwo8GcEGwemoTFt3FIO9ababBmaGwXIoBKZ+GTy0pP185beGg7Llih/NSHSV2XAs1lnznocSg==
  dependencies:
    "@nodelib/fs.scandir" "2.1.5"
    fastq "^1.6.0"

"@rollup/rollup-darwin-arm64@4.34.6":
  version "4.34.6"
  resolved "https://registry.npmjs.org/@rollup/rollup-darwin-arm64/-/rollup-darwin-arm64-4.34.6.tgz"
  integrity sha512-z9Ib+OzqN3DZEjX7PDQMHEhtF+t6Mi2z/ueChQPLS/qUMKY7Ybn5A2ggFoKRNRh1q1T03YTQfBTQCJZiepESAg==

"@swc/core-darwin-arm64@1.10.14":
  version "1.10.14"
  resolved "https://registry.npmjs.org/@swc/core-darwin-arm64/-/core-darwin-arm64-1.10.14.tgz"
  integrity sha512-Dh4VyrhDDb05tdRmqJ/MucOPMTnrB4pRJol18HVyLlqu1HOT5EzonUniNTCdQbUXjgdv5UVJSTE1lYTzrp+myA==

"@swc/core@^1.7.26":
  version "1.10.14"
  resolved "https://registry.npmjs.org/@swc/core/-/core-1.10.14.tgz"
  integrity sha512-WSrnE6JRnH20ZYjOOgSS4aOaPv9gxlkI2KRkN24kagbZnPZMnN8bZZyzw1rrLvwgpuRGv17Uz+hflosbR+SP6w==
  dependencies:
    "@swc/counter" "^0.1.3"
    "@swc/types" "^0.1.17"
  optionalDependencies:
    "@swc/core-darwin-arm64" "1.10.14"
    "@swc/core-darwin-x64" "1.10.14"
    "@swc/core-linux-arm-gnueabihf" "1.10.14"
    "@swc/core-linux-arm64-gnu" "1.10.14"
    "@swc/core-linux-arm64-musl" "1.10.14"
    "@swc/core-linux-x64-gnu" "1.10.14"
    "@swc/core-linux-x64-musl" "1.10.14"
    "@swc/core-win32-arm64-msvc" "1.10.14"
    "@swc/core-win32-ia32-msvc" "1.10.14"
    "@swc/core-win32-x64-msvc" "1.10.14"

"@swc/counter@^0.1.3":
  version "0.1.3"
  resolved "https://registry.npmjs.org/@swc/counter/-/counter-0.1.3.tgz"
  integrity sha512-e2BR4lsJkkRlKZ/qCHPw9ZaSxc0MVUd7gtbtaB7aMvHeJVYe8sOB8DBZkP2DtISHGSku9sCK6T6cnY0CtXrOCQ==

"@swc/types@^0.1.17":
  version "0.1.17"
  resolved "https://registry.npmjs.org/@swc/types/-/types-0.1.17.tgz"
  integrity sha512-V5gRru+aD8YVyCOMAjMpWR1Ui577DD5KSJsHP8RAxopAH22jFz6GZd/qxqjO6MJHQhcsjvjOFXyDhyLQUnMveQ==
  dependencies:
    "@swc/counter" "^0.1.3"

"@tailwindcss/node@^4.0.4":
  version "4.0.4"
  resolved "https://registry.npmjs.org/@tailwindcss/node/-/node-4.0.4.tgz"
  integrity sha512-VLFq80IyoV1hsHPcCm1mmlyPyUT6NlovQLoO2y7PGm84mW94ZrNJ7ax5H6K4M7Aj/fdMfem5IX7Ka+LXWZpDGg==
  dependencies:
    enhanced-resolve "^5.18.0"
    jiti "^2.4.2"
    tailwindcss "4.0.4"

"@tailwindcss/oxide-darwin-arm64@4.0.4":
  version "4.0.4"
  resolved "https://registry.npmjs.org/@tailwindcss/oxide-darwin-arm64/-/oxide-darwin-arm64-4.0.4.tgz"
  integrity sha512-vTca+ysNl8BYmYJTni9pLC+L3S4bvrj0ai1eUV3yYXYa5Cpugr5Fni6ylV0gcTZOyETm2RCCJ/0azU6MgqE6HA==

"@tailwindcss/oxide@^4.0.4":
  version "4.0.4"
  resolved "https://registry.npmjs.org/@tailwindcss/oxide/-/oxide-4.0.4.tgz"
  integrity sha512-vPpu30KFLiGyPOoElkYt8WRvzGKVrrOz49KpfiGGtnQGmyUpL8VCbJzzEEcpKT5BpaaQidhFok+OXscf6hHjOQ==
  optionalDependencies:
    "@tailwindcss/oxide-android-arm64" "4.0.4"
    "@tailwindcss/oxide-darwin-arm64" "4.0.4"
    "@tailwindcss/oxide-darwin-x64" "4.0.4"
    "@tailwindcss/oxide-freebsd-x64" "4.0.4"
    "@tailwindcss/oxide-linux-arm-gnueabihf" "4.0.4"
    "@tailwindcss/oxide-linux-arm64-gnu" "4.0.4"
    "@tailwindcss/oxide-linux-arm64-musl" "4.0.4"
    "@tailwindcss/oxide-linux-x64-gnu" "4.0.4"
    "@tailwindcss/oxide-linux-x64-musl" "4.0.4"
    "@tailwindcss/oxide-win32-arm64-msvc" "4.0.4"
    "@tailwindcss/oxide-win32-x64-msvc" "4.0.4"

"@tailwindcss/vite@^4.0.4":
  version "4.0.4"
  resolved "https://registry.npmjs.org/@tailwindcss/vite/-/vite-4.0.4.tgz"
  integrity sha512-zrWGbluPeXeoetUQoDFmt1dQIeiOBThfznla7zPIqST69rMmiDD4SZwJrHVoL5CvXz06AYQXz/M/jELSakL7Rg==
  dependencies:
    "@tailwindcss/node" "^4.0.4"
    "@tailwindcss/oxide" "^4.0.4"
    lightningcss "^1.29.1"
    tailwindcss "4.0.4"

"@types/estree@^1.0.6", "@types/estree@1.0.6":
  version "1.0.6"
  resolved "https://registry.npmjs.org/@types/estree/-/estree-1.0.6.tgz"
  integrity sha512-AYnb1nQyY49te+VRAVgmzfcgjYS91mY5P0TKUDCLEM+gNnA+3T6rWITXRLYCpahpqSQbN5cE+gHpnPyXjHWxcw==

"@types/json-schema@^7.0.15":
  version "7.0.15"
  resolved "https://registry.npmjs.org/@types/json-schema/-/json-schema-7.0.15.tgz"
  integrity sha512-5+fP8P8MFNC+AyZCDxrB2pkZFPGzqQWUzpSeuuVLvm8VMcorNYavBqoFcxK8bQz4Qsbn4oUEEem4wDLfcysGHA==

"@types/react-dom@^19.0.3":
  version "19.0.3"
  resolved "https://registry.npmjs.org/@types/react-dom/-/react-dom-19.0.3.tgz"
  integrity sha512-0Knk+HJiMP/qOZgMyNFamlIjw9OFCsyC2ZbigmEEyXXixgre6IQpm/4V+r3qH4GC1JPvRJKInw+on2rV6YZLeA==

"@types/react@^19.0.0", "@types/react@^19.0.8":
  version "19.0.8"
  resolved "https://registry.npmjs.org/@types/react/-/react-19.0.8.tgz"
  integrity sha512-9P/o1IGdfmQxrujGbIMDyYaaCykhLKc0NGCtYcECNUr9UAaDe4gwvV9bR6tvd5Br1SG0j+PBpbKr2UYY8CwqSw==
  dependencies:
    csstype "^3.0.2"

"@typescript-eslint/eslint-plugin@8.23.0":
  version "8.23.0"
  resolved "https://registry.npmjs.org/@typescript-eslint/eslint-plugin/-/eslint-plugin-8.23.0.tgz"
  integrity sha512-vBz65tJgRrA1Q5gWlRfvoH+w943dq9K1p1yDBY2pc+a1nbBLZp7fB9+Hk8DaALUbzjqlMfgaqlVPT1REJdkt/w==
  dependencies:
    "@eslint-community/regexpp" "^4.10.0"
    "@typescript-eslint/scope-manager" "8.23.0"
    "@typescript-eslint/type-utils" "8.23.0"
    "@typescript-eslint/utils" "8.23.0"
    "@typescript-eslint/visitor-keys" "8.23.0"
    graphemer "^1.4.0"
    ignore "^5.3.1"
    natural-compare "^1.4.0"
    ts-api-utils "^2.0.1"

"@typescript-eslint/parser@^8.0.0 || ^8.0.0-alpha.0", "@typescript-eslint/parser@8.23.0":
  version "8.23.0"
  resolved "https://registry.npmjs.org/@typescript-eslint/parser/-/parser-8.23.0.tgz"
  integrity sha512-h2lUByouOXFAlMec2mILeELUbME5SZRN/7R9Cw2RD2lRQQY08MWMM+PmVVKKJNK1aIwqTo9t/0CvOxwPbRIE2Q==
  dependencies:
    "@typescript-eslint/scope-manager" "8.23.0"
    "@typescript-eslint/types" "8.23.0"
    "@typescript-eslint/typescript-estree" "8.23.0"
    "@typescript-eslint/visitor-keys" "8.23.0"
    debug "^4.3.4"

"@typescript-eslint/scope-manager@8.23.0":
  version "8.23.0"
  resolved "https://registry.npmjs.org/@typescript-eslint/scope-manager/-/scope-manager-8.23.0.tgz"
  integrity sha512-OGqo7+dXHqI7Hfm+WqkZjKjsiRtFUQHPdGMXzk5mYXhJUedO7e/Y7i8AK3MyLMgZR93TX4bIzYrfyVjLC+0VSw==
  dependencies:
    "@typescript-eslint/types" "8.23.0"
    "@typescript-eslint/visitor-keys" "8.23.0"

"@typescript-eslint/type-utils@8.23.0":
  version "8.23.0"
  resolved "https://registry.npmjs.org/@typescript-eslint/type-utils/-/type-utils-8.23.0.tgz"
  integrity sha512-iIuLdYpQWZKbiH+RkCGc6iu+VwscP5rCtQ1lyQ7TYuKLrcZoeJVpcLiG8DliXVkUxirW/PWlmS+d6yD51L9jvA==
  dependencies:
    "@typescript-eslint/typescript-estree" "8.23.0"
    "@typescript-eslint/utils" "8.23.0"
    debug "^4.3.4"
    ts-api-utils "^2.0.1"

"@typescript-eslint/types@8.23.0":
  version "8.23.0"
  resolved "https://registry.npmjs.org/@typescript-eslint/types/-/types-8.23.0.tgz"
  integrity sha512-1sK4ILJbCmZOTt9k4vkoulT6/y5CHJ1qUYxqpF1K/DBAd8+ZUL4LlSCxOssuH5m4rUaaN0uS0HlVPvd45zjduQ==

"@typescript-eslint/typescript-estree@8.23.0":
  version "8.23.0"
  resolved "https://registry.npmjs.org/@typescript-eslint/typescript-estree/-/typescript-estree-8.23.0.tgz"
  integrity sha512-LcqzfipsB8RTvH8FX24W4UUFk1bl+0yTOf9ZA08XngFwMg4Kj8A+9hwz8Cr/ZS4KwHrmo9PJiLZkOt49vPnuvQ==
  dependencies:
    "@typescript-eslint/types" "8.23.0"
    "@typescript-eslint/visitor-keys" "8.23.0"
    debug "^4.3.4"
    fast-glob "^3.3.2"
    is-glob "^4.0.3"
    minimatch "^9.0.4"
    semver "^7.6.0"
    ts-api-utils "^2.0.1"

"@typescript-eslint/utils@8.23.0":
  version "8.23.0"
  resolved "https://registry.npmjs.org/@typescript-eslint/utils/-/utils-8.23.0.tgz"
  integrity sha512-uB/+PSo6Exu02b5ZEiVtmY6RVYO7YU5xqgzTIVZwTHvvK3HsL8tZZHFaTLFtRG3CsV4A5mhOv+NZx5BlhXPyIA==
  dependencies:
    "@eslint-community/eslint-utils" "^4.4.0"
    "@typescript-eslint/scope-manager" "8.23.0"
    "@typescript-eslint/types" "8.23.0"
    "@typescript-eslint/typescript-estree" "8.23.0"

"@typescript-eslint/visitor-keys@8.23.0":
  version "8.23.0"
  resolved "https://registry.npmjs.org/@typescript-eslint/visitor-keys/-/visitor-keys-8.23.0.tgz"
  integrity sha512-oWWhcWDLwDfu++BGTZcmXWqpwtkwb5o7fxUIGksMQQDSdPW9prsSnfIOZMlsj4vBOSrcnjIUZMiIjODgGosFhQ==
  dependencies:
    "@typescript-eslint/types" "8.23.0"
    eslint-visitor-keys "^4.2.0"

"@vitejs/plugin-react-swc@^3.5.0":
  version "3.7.2"
  resolved "https://registry.npmjs.org/@vitejs/plugin-react-swc/-/plugin-react-swc-3.7.2.tgz"
  integrity sha512-y0byko2b2tSVVf5Gpng1eEhX1OvPC7x8yns1Fx8jDzlJp4LS6CMkCPfLw47cjyoMrshQDoQw4qcgjsU9VvlCew==
  dependencies:
    "@swc/core" "^1.7.26"

acorn-jsx@^5.3.2:
  version "5.3.2"
  resolved "https://registry.npmjs.org/acorn-jsx/-/acorn-jsx-5.3.2.tgz"
  integrity sha512-rq9s+JNhf0IChjtDXxllJ7g41oZk5SlXtp0LHwyA5cejwn7vKmKp4pPri6YEePv2PU65sAsegbXtIinmDFDXgQ==

"acorn@^6.0.0 || ^7.0.0 || ^8.0.0", acorn@^8.14.0:
  version "8.14.0"
  resolved "https://registry.npmjs.org/acorn/-/acorn-8.14.0.tgz"
  integrity sha512-cl669nCJTZBsL97OF4kUQm5g5hC2uihk0NxY3WENAC0TYdILVkAyHymAntgxGkl7K+t0cXIrH5siy5S4XkFycA==

ajv@^6.12.4:
  version "6.12.6"
  resolved "https://registry.npmjs.org/ajv/-/ajv-6.12.6.tgz"
  integrity sha512-j3fVLgvTo527anyYyJOGTYJbG+vnnQYvE0m5mmkc1TK+nxAppkCLMIL0aZ4dblVCNoGShhm+kzE4ZUykBoMg4g==
  dependencies:
    fast-deep-equal "^3.1.1"
    fast-json-stable-stringify "^2.0.0"
    json-schema-traverse "^0.4.1"
    uri-js "^4.2.2"

ansi-styles@^4.1.0:
  version "4.3.0"
  resolved "https://registry.npmjs.org/ansi-styles/-/ansi-styles-4.3.0.tgz"
  integrity sha512-zbB9rCJAT1rbjiVDb2hqKFHNYLxgtk8NURxZ3IZwD3F6NtxbXZQCnnSi1Lkx+IDohdPlFp222wVALIheZJQSEg==
  dependencies:
    color-convert "^2.0.1"

argparse@^2.0.1:
  version "2.0.1"
  resolved "https://registry.npmjs.org/argparse/-/argparse-2.0.1.tgz"
  integrity sha512-8+9WqebbFzpX9OR+Wa6O29asIogeRMzcGtAINdpMHHyAg10f05aSFVBbcEqGf/PXw1EjAZ+q2/bEBg3DvurK3Q==

balanced-match@^1.0.0:
  version "1.0.2"
  resolved "https://registry.npmjs.org/balanced-match/-/balanced-match-1.0.2.tgz"
  integrity sha512-3oSeUO0TMV67hN1AmbXsK4yaqU7tjiHlbxRDZOpH0KW9+CeX4bRAaX0Anxt0tx2MrpRpWwQaPwIlISEJhYU5Pw==

brace-expansion@^1.1.7:
  version "1.1.11"
  resolved "https://registry.npmjs.org/brace-expansion/-/brace-expansion-1.1.11.tgz"
  integrity sha512-iCuPHDFgrHX7H2vEI/5xpz07zSHB00TpugqhmYtVmMO6518mCuRMoOYFldEBl0g187ufozdaHgWKcYFb61qGiA==
  dependencies:
    balanced-match "^1.0.0"
    concat-map "0.0.1"

brace-expansion@^2.0.1:
  version "2.0.1"
  resolved "https://registry.npmjs.org/brace-expansion/-/brace-expansion-2.0.1.tgz"
  integrity sha512-XnAIvQ8eM+kC6aULx6wuQiwVsnzsi9d3WxzV3FpWTGA19F621kwdbsAcFKXgKUHZWsy+mY6iL1sHTxWEFCytDA==
  dependencies:
    balanced-match "^1.0.0"

braces@^3.0.3:
  version "3.0.3"
  resolved "https://registry.npmjs.org/braces/-/braces-3.0.3.tgz"
  integrity sha512-yQbXgO/OSZVD2IsiLlro+7Hf6Q18EJrKSEsdoMzKePKXct3gvD8oLcOQdIzGupr5Fj+EDe8gO/lxc1BzfMpxvA==
  dependencies:
    fill-range "^7.1.1"

callsites@^3.0.0:
  version "3.1.0"
  resolved "https://registry.npmjs.org/callsites/-/callsites-3.1.0.tgz"
  integrity sha512-P8BjAsXvZS+VIDUI11hHCQEv74YT67YUi5JJFNWIqL235sBmjX4+qx9Muvls5ivyNENctx46xQLQ3aTuE7ssaQ==

chalk@^4.0.0:
  version "4.1.2"
  resolved "https://registry.npmjs.org/chalk/-/chalk-4.1.2.tgz"
  integrity sha512-oKnbhFyRIXpUuez8iBMmyEa4nbj4IOQyuhc/wy9kY7/WVPcwIO9VA668Pu8RkO7+0G76SLROeyw9CpQ061i4mA==
  dependencies:
    ansi-styles "^4.1.0"
    supports-color "^7.1.0"

color-convert@^2.0.1:
  version "2.0.1"
  resolved "https://registry.npmjs.org/color-convert/-/color-convert-2.0.1.tgz"
  integrity sha512-RRECPsj7iu/xb5oKYcsFHSppFNnsj/52OVTRKb4zP5onXwVF3zVmmToNcOfGC+CRDpfK/U584fMg38ZHCaElKQ==
  dependencies:
    color-name "~1.1.4"

color-name@~1.1.4:
  version "1.1.4"
  resolved "https://registry.npmjs.org/color-name/-/color-name-1.1.4.tgz"
  integrity sha512-dOy+3AuW3a2wNbZHIuMZpTcgjGuLU/uBL/ubcZF9OXbDo8ff4O8yVp5Bf0efS8uEoYo5q4Fx7dY9OgQGXgAsQA==

concat-map@0.0.1:
  version "0.0.1"
  resolved "https://registry.npmjs.org/concat-map/-/concat-map-0.0.1.tgz"
  integrity sha512-/Srv4dswyQNBfohGpz9o6Yb3Gz3SrUDqBH5rTuhGR7ahtlbYKnVxw2bCFMRljaA7EXHaXZ8wsHdodFvbkhKmqg==

cross-spawn@^7.0.6:
  version "7.0.6"
  resolved "https://registry.npmjs.org/cross-spawn/-/cross-spawn-7.0.6.tgz"
  integrity sha512-uV2QOWP2nWzsy2aMp8aRibhi9dlzF5Hgh5SHaB9OiTGEyDTiJJyx0uy51QXdyWbtAHNua4XJzUKca3OzKUd3vA==
  dependencies:
    path-key "^3.1.0"
    shebang-command "^2.0.0"
    which "^2.0.1"

csstype@^3.0.2:
  version "3.1.3"
  resolved "https://registry.npmjs.org/csstype/-/csstype-3.1.3.tgz"
  integrity sha512-M1uQkMl8rQK/szD0LNhtqxIPLpimGm8sOBwU7lLnCpSbTyY3yeU1Vc7l4KT5zT4s/yOxHH5O7tIuuLOCnLADRw==

debug@^4.3.1, debug@^4.3.2, debug@^4.3.4:
  version "4.4.0"
  resolved "https://registry.npmjs.org/debug/-/debug-4.4.0.tgz"
  integrity sha512-6WTZ/IxCY/T6BALoZHaE4ctp9xm+Z5kY/pzYaCHRFeyVhojxlrm+46y68HA6hr0TcwEssoxNiDEUJQjfPZ/RYA==
  dependencies:
    ms "^2.1.3"

deep-is@^0.1.3:
  version "0.1.4"
  resolved "https://registry.npmjs.org/deep-is/-/deep-is-0.1.4.tgz"
  integrity sha512-oIPzksmTg4/MriiaYGO+okXDT7ztn/w3Eptv/+gSIdMdKsJo0u4CfYNFJPy+4SKMuCqGw2wxnA+URMg3t8a/bQ==

detect-libc@^1.0.3:
  version "1.0.3"
  resolved "https://registry.npmjs.org/detect-libc/-/detect-libc-1.0.3.tgz"
  integrity sha512-pGjwhsmsp4kL2RTz08wcOlGN83otlqHeD/Z5T8GXZB+/YcpQ/dgo+lbU8ZsGxV0HIvqqxo9l7mqYwyYMD9bKDg==

enhanced-resolve@^5.18.0:
  version "5.18.1"
  resolved "https://registry.npmjs.org/enhanced-resolve/-/enhanced-resolve-5.18.1.tgz"
  integrity sha512-ZSW3ma5GkcQBIpwZTSRAI8N71Uuwgs93IezB7mf7R60tC8ZbJideoDNKjHn2O9KIlx6rkGTTEk1xUCK2E1Y2Yg==
  dependencies:
    graceful-fs "^4.2.4"
    tapable "^2.2.0"

esbuild@^0.24.2:
  version "0.24.2"
  resolved "https://registry.npmjs.org/esbuild/-/esbuild-0.24.2.tgz"
  integrity sha512-+9egpBW8I3CD5XPe0n6BfT5fxLzxrlDzqydF3aviG+9ni1lDC/OvMHcxqEFV0+LANZG5R1bFMWfUrjVsdwxJvA==
  optionalDependencies:
    "@esbuild/aix-ppc64" "0.24.2"
    "@esbuild/android-arm" "0.24.2"
    "@esbuild/android-arm64" "0.24.2"
    "@esbuild/android-x64" "0.24.2"
    "@esbuild/darwin-arm64" "0.24.2"
    "@esbuild/darwin-x64" "0.24.2"
    "@esbuild/freebsd-arm64" "0.24.2"
    "@esbuild/freebsd-x64" "0.24.2"
    "@esbuild/linux-arm" "0.24.2"
    "@esbuild/linux-arm64" "0.24.2"
    "@esbuild/linux-ia32" "0.24.2"
    "@esbuild/linux-loong64" "0.24.2"
    "@esbuild/linux-mips64el" "0.24.2"
    "@esbuild/linux-ppc64" "0.24.2"
    "@esbuild/linux-riscv64" "0.24.2"
    "@esbuild/linux-s390x" "0.24.2"
    "@esbuild/linux-x64" "0.24.2"
    "@esbuild/netbsd-arm64" "0.24.2"
    "@esbuild/netbsd-x64" "0.24.2"
    "@esbuild/openbsd-arm64" "0.24.2"
    "@esbuild/openbsd-x64" "0.24.2"
    "@esbuild/sunos-x64" "0.24.2"
    "@esbuild/win32-arm64" "0.24.2"
    "@esbuild/win32-ia32" "0.24.2"
    "@esbuild/win32-x64" "0.24.2"

escape-string-regexp@^4.0.0:
  version "4.0.0"
  resolved "https://registry.npmjs.org/escape-string-regexp/-/escape-string-regexp-4.0.0.tgz"
  integrity sha512-TtpcNJ3XAzx3Gq8sWRzJaVajRs0uVxA2YAkdb1jm2YkPz4G6egUFAyA3n5vtEIZefPk5Wa4UXbKuS5fKkJWdgA==

eslint-plugin-react-hooks@^5.0.0:
  version "5.1.0"
  resolved "https://registry.npmjs.org/eslint-plugin-react-hooks/-/eslint-plugin-react-hooks-5.1.0.tgz"
  integrity sha512-mpJRtPgHN2tNAvZ35AMfqeB3Xqeo273QxrHJsbBEPWODRM4r0yB6jfoROqKEYrOn27UtRPpcpHc2UqyBSuUNTw==

eslint-plugin-react-refresh@^0.4.18:
  version "0.4.18"
  resolved "https://registry.npmjs.org/eslint-plugin-react-refresh/-/eslint-plugin-react-refresh-0.4.18.tgz"
  integrity sha512-IRGEoFn3OKalm3hjfolEWGqoF/jPqeEYFp+C8B0WMzwGwBMvlRDQd06kghDhF0C61uJ6WfSDhEZE/sAQjduKgw==

eslint-scope@^8.2.0:
  version "8.2.0"
  resolved "https://registry.npmjs.org/eslint-scope/-/eslint-scope-8.2.0.tgz"
  integrity sha512-PHlWUfG6lvPc3yvP5A4PNyBL1W8fkDUccmI21JUu/+GKZBoH/W5u6usENXUrWFRsyoW5ACUjFGgAFQp5gUlb/A==
  dependencies:
    esrecurse "^4.3.0"
    estraverse "^5.2.0"

eslint-visitor-keys@^3.4.3:
  version "3.4.3"
  resolved "https://registry.npmjs.org/eslint-visitor-keys/-/eslint-visitor-keys-3.4.3.tgz"
  integrity sha512-wpc+LXeiyiisxPlEkUzU6svyS1frIO3Mgxj1fdy7Pm8Ygzguax2N3Fa/D/ag1WqbOprdI+uY6wMUl8/a2G+iag==

eslint-visitor-keys@^4.2.0:
  version "4.2.0"
  resolved "https://registry.npmjs.org/eslint-visitor-keys/-/eslint-visitor-keys-4.2.0.tgz"
  integrity sha512-UyLnSehNt62FFhSwjZlHmeokpRK59rcz29j+F1/aDgbkbRTk7wIc9XzdoasMUbRNKDM0qQt/+BJ4BrpFeABemw==

"eslint@^3.0.0 || ^4.0.0 || ^5.0.0 || ^6.0.0 || ^7.0.0 || ^8.0.0-0 || ^9.0.0", "eslint@^6.0.0 || ^7.0.0 || >=8.0.0", "eslint@^8.57.0 || ^9.0.0", eslint@^9.19.0, eslint@>=8.40:
  version "9.19.0"
  resolved "https://registry.npmjs.org/eslint/-/eslint-9.19.0.tgz"
  integrity sha512-ug92j0LepKlbbEv6hD911THhoRHmbdXt2gX+VDABAW/Ir7D3nqKdv5Pf5vtlyY6HQMTEP2skXY43ueqTCWssEA==
  dependencies:
    "@eslint-community/eslint-utils" "^4.2.0"
    "@eslint-community/regexpp" "^4.12.1"
    "@eslint/config-array" "^0.19.0"
    "@eslint/core" "^0.10.0"
    "@eslint/eslintrc" "^3.2.0"
    "@eslint/js" "9.19.0"
    "@eslint/plugin-kit" "^0.2.5"
    "@humanfs/node" "^0.16.6"
    "@humanwhocodes/module-importer" "^1.0.1"
    "@humanwhocodes/retry" "^0.4.1"
    "@types/estree" "^1.0.6"
    "@types/json-schema" "^7.0.15"
    ajv "^6.12.4"
    chalk "^4.0.0"
    cross-spawn "^7.0.6"
    debug "^4.3.2"
    escape-string-regexp "^4.0.0"
    eslint-scope "^8.2.0"
    eslint-visitor-keys "^4.2.0"
    espree "^10.3.0"
    esquery "^1.5.0"
    esutils "^2.0.2"
    fast-deep-equal "^3.1.3"
    file-entry-cache "^8.0.0"
    find-up "^5.0.0"
    glob-parent "^6.0.2"
    ignore "^5.2.0"
    imurmurhash "^0.1.4"
    is-glob "^4.0.0"
    json-stable-stringify-without-jsonify "^1.0.1"
    lodash.merge "^4.6.2"
    minimatch "^3.1.2"
    natural-compare "^1.4.0"
    optionator "^0.9.3"

espree@^10.0.1, espree@^10.3.0:
  version "10.3.0"
  resolved "https://registry.npmjs.org/espree/-/espree-10.3.0.tgz"
  integrity sha512-0QYC8b24HWY8zjRnDTL6RiHfDbAWn63qb4LMj1Z4b076A4une81+z03Kg7l7mn/48PUTqoLptSXez8oknU8Clg==
  dependencies:
    acorn "^8.14.0"
    acorn-jsx "^5.3.2"
    eslint-visitor-keys "^4.2.0"

esquery@^1.5.0:
  version "1.6.0"
  resolved "https://registry.npmjs.org/esquery/-/esquery-1.6.0.tgz"
  integrity sha512-ca9pw9fomFcKPvFLXhBKUK90ZvGibiGOvRJNbjljY7s7uq/5YO4BOzcYtJqExdx99rF6aAcnRxHmcUHcz6sQsg==
  dependencies:
    estraverse "^5.1.0"

esrecurse@^4.3.0:
  version "4.3.0"
  resolved "https://registry.npmjs.org/esrecurse/-/esrecurse-4.3.0.tgz"
  integrity sha512-KmfKL3b6G+RXvP8N1vr3Tq1kL/oCFgn2NYXEtqP8/L3pKapUA4G8cFVaoF3SU323CD4XypR/ffioHmkti6/Tag==
  dependencies:
    estraverse "^5.2.0"

estraverse@^5.1.0, estraverse@^5.2.0:
  version "5.3.0"
  resolved "https://registry.npmjs.org/estraverse/-/estraverse-5.3.0.tgz"
  integrity sha512-MMdARuVEQziNTeJD8DgMqmhwR11BRQ/cBP+pLtYdSTnf3MIO8fFeiINEbX36ZdNlfU/7A9f3gUw49B3oQsvwBA==

esutils@^2.0.2:
  version "2.0.3"
  resolved "https://registry.npmjs.org/esutils/-/esutils-2.0.3.tgz"
  integrity sha512-kVscqXk4OCp68SZ0dkgEKVi6/8ij300KBWTJq32P/dYeWTSwK41WyTxalN1eRmA5Z9UU/LX9D7FWSmV9SAYx6g==

fast-deep-equal@^3.1.1, fast-deep-equal@^3.1.3:
  version "3.1.3"
  resolved "https://registry.npmjs.org/fast-deep-equal/-/fast-deep-equal-3.1.3.tgz"
  integrity sha512-f3qQ9oQy9j2AhBe/H9VC91wLmKBCCU/gDOnKNAYG5hswO7BLKj09Hc5HYNz9cGI++xlpDCIgDaitVs03ATR84Q==

fast-glob@^3.3.2:
  version "3.3.3"
  resolved "https://registry.npmjs.org/fast-glob/-/fast-glob-3.3.3.tgz"
  integrity sha512-7MptL8U0cqcFdzIzwOTHoilX9x5BrNqye7Z/LuC7kCMRio1EMSyqRK3BEAUD7sXRq4iT4AzTVuZdhgQ2TCvYLg==
  dependencies:
    "@nodelib/fs.stat" "^2.0.2"
    "@nodelib/fs.walk" "^1.2.3"
    glob-parent "^5.1.2"
    merge2 "^1.3.0"
    micromatch "^4.0.8"

fast-json-stable-stringify@^2.0.0:
  version "2.1.0"
  resolved "https://registry.npmjs.org/fast-json-stable-stringify/-/fast-json-stable-stringify-2.1.0.tgz"
  integrity sha512-lhd/wF+Lk98HZoTCtlVraHtfh5XYijIjalXck7saUtuanSDyLMxnHhSXEDJqHxD7msR8D0uCmqlkwjCV8xvwHw==

fast-levenshtein@^2.0.6:
  version "2.0.6"
  resolved "https://registry.npmjs.org/fast-levenshtein/-/fast-levenshtein-2.0.6.tgz"
  integrity sha512-DCXu6Ifhqcks7TZKY3Hxp3y6qphY5SJZmrWMDrKcERSOXWQdMhU9Ig/PYrzyw/ul9jOIyh0N4M0tbC5hodg8dw==

fastq@^1.6.0:
  version "1.19.0"
  resolved "https://registry.npmjs.org/fastq/-/fastq-1.19.0.tgz"
  integrity sha512-7SFSRCNjBQIZH/xZR3iy5iQYR8aGBE0h3VG6/cwlbrpdciNYBMotQav8c1XI3HjHH+NikUpP53nPdlZSdWmFzA==
  dependencies:
    reusify "^1.0.4"

file-entry-cache@^8.0.0:
  version "8.0.0"
  resolved "https://registry.npmjs.org/file-entry-cache/-/file-entry-cache-8.0.0.tgz"
  integrity sha512-XXTUwCvisa5oacNGRP9SfNtYBNAMi+RPwBFmblZEF7N7swHYQS6/Zfk7SRwx4D5j3CH211YNRco1DEMNVfZCnQ==
  dependencies:
    flat-cache "^4.0.0"

fill-range@^7.1.1:
  version "7.1.1"
  resolved "https://registry.npmjs.org/fill-range/-/fill-range-7.1.1.tgz"
  integrity sha512-YsGpe3WHLK8ZYi4tWDg2Jy3ebRz2rXowDxnld4bkQB00cc/1Zw9AWnC0i9ztDJitivtQvaI9KaLyKrc+hBW0yg==
  dependencies:
    to-regex-range "^5.0.1"

find-up@^5.0.0:
  version "5.0.0"
  resolved "https://registry.npmjs.org/find-up/-/find-up-5.0.0.tgz"
  integrity sha512-78/PXT1wlLLDgTzDs7sjq9hzz0vXD+zn+7wypEe4fXQxCmdmqfGsEPQxmiCSQI3ajFV91bVSsvNtrJRiW6nGng==
  dependencies:
    locate-path "^6.0.0"
    path-exists "^4.0.0"

flat-cache@^4.0.0:
  version "4.0.1"
  resolved "https://registry.npmjs.org/flat-cache/-/flat-cache-4.0.1.tgz"
  integrity sha512-f7ccFPK3SXFHpx15UIGyRJ/FJQctuKZ0zVuN3frBo4HnK3cay9VEW0R6yPYFHC0AgqhukPzKjq22t5DmAyqGyw==
  dependencies:
    flatted "^3.2.9"
    keyv "^4.5.4"

flatted@^3.2.9:
  version "3.3.2"
  resolved "https://registry.npmjs.org/flatted/-/flatted-3.3.2.tgz"
  integrity sha512-AiwGJM8YcNOaobumgtng+6NHuOqC3A7MixFeDafM3X9cIUM+xUXoS5Vfgf+OihAYe20fxqNM9yPBXJzRtZ/4eA==

fsevents@~2.3.2, fsevents@~2.3.3:
  version "2.3.3"
  resolved "https://registry.npmjs.org/fsevents/-/fsevents-2.3.3.tgz"
  integrity sha512-5xoDfX+fL7faATnagmWPpbFtwh/R77WmMMqqHGS65C3vvB0YHrgF+B1YmZ3441tMj5n63k0212XNoJwzlhffQw==

glob-parent@^5.1.2:
  version "5.1.2"
  resolved "https://registry.npmjs.org/glob-parent/-/glob-parent-5.1.2.tgz"
  integrity sha512-AOIgSQCepiJYwP3ARnGx+5VnTu2HBYdzbGP45eLw1vr3zB3vZLeyed1sC9hnbcOc9/SrMyM5RPQrkGz4aS9Zow==
  dependencies:
    is-glob "^4.0.1"

glob-parent@^6.0.2:
  version "6.0.2"
  resolved "https://registry.npmjs.org/glob-parent/-/glob-parent-6.0.2.tgz"
  integrity sha512-XxwI8EOhVQgWp6iDL+3b0r86f4d6AX6zSU55HfB4ydCEuXLXc5FcYeOu+nnGftS4TEju/11rt4KJPTMgbfmv4A==
  dependencies:
    is-glob "^4.0.3"

globals@^14.0.0:
  version "14.0.0"
  resolved "https://registry.npmjs.org/globals/-/globals-14.0.0.tgz"
  integrity sha512-oahGvuMGQlPw/ivIYBjVSrWAfWLBeku5tpPE2fOPLi+WHffIWbuh2tCjhyQhTBPMf5E9jDEH4FOmTYgYwbKwtQ==

globals@^15.14.0:
  version "15.14.0"
  resolved "https://registry.npmjs.org/globals/-/globals-15.14.0.tgz"
  integrity sha512-OkToC372DtlQeje9/zHIo5CT8lRP/FUgEOKBEhU4e0abL7J7CD24fD9ohiLN5hagG/kWCYj4K5oaxxtj2Z0Dig==

graceful-fs@^4.2.4:
  version "4.2.11"
  resolved "https://registry.npmjs.org/graceful-fs/-/graceful-fs-4.2.11.tgz"
  integrity sha512-RbJ5/jmFcNNCcDV5o9eTnBLJ/HszWV0P73bc+Ff4nS/rJj+YaS6IGyiOL0VoBYX+l1Wrl3k63h/KrH+nhJ0XvQ==

graphemer@^1.4.0:
  version "1.4.0"
  resolved "https://registry.npmjs.org/graphemer/-/graphemer-1.4.0.tgz"
  integrity sha512-EtKwoO6kxCL9WO5xipiHTZlSzBm7WLT627TqC/uVRd0HKmq8NXyebnNYxDoBi7wt8eTWrUrKXCOVaFq9x1kgag==

has-flag@^4.0.0:
  version "4.0.0"
  resolved "https://registry.npmjs.org/has-flag/-/has-flag-4.0.0.tgz"
  integrity sha512-EykJT/Q1KjTWctppgIAgfSO0tKVuZUjhgMr17kqTumMl6Afv3EISleU7qZUzoXDFTAHTDC4NOoG/ZxU3EvlMPQ==

ignore@^5.2.0, ignore@^5.3.1:
  version "5.3.2"
  resolved "https://registry.npmjs.org/ignore/-/ignore-5.3.2.tgz"
  integrity sha512-hsBTNUqQTDwkWtcdYI2i06Y/nUBEsNEDJKjWdigLvegy8kDuJAS8uRlpkkcQpyEXL0Z/pjDy5HBmMjRCJ2gq+g==

import-fresh@^3.2.1:
  version "3.3.1"
  resolved "https://registry.npmjs.org/import-fresh/-/import-fresh-3.3.1.tgz"
  integrity sha512-TR3KfrTZTYLPB6jUjfx6MF9WcWrHL9su5TObK4ZkYgBdWKPOFoSoQIdEuTuR82pmtxH2spWG9h6etwfr1pLBqQ==
  dependencies:
    parent-module "^1.0.0"
    resolve-from "^4.0.0"

imurmurhash@^0.1.4:
  version "0.1.4"
  resolved "https://registry.npmjs.org/imurmurhash/-/imurmurhash-0.1.4.tgz"
  integrity sha512-JmXMZ6wuvDmLiHEml9ykzqO6lwFbof0GG4IkcGaENdCRDDmMVnny7s5HsIgHCbaq0w2MyPhDqkhTUgS2LU2PHA==

is-extglob@^2.1.1:
  version "2.1.1"
  resolved "https://registry.npmjs.org/is-extglob/-/is-extglob-2.1.1.tgz"
  integrity sha512-SbKbANkN603Vi4jEZv49LeVJMn4yGwsbzZworEoyEiutsN3nJYdbO36zfhGJ6QEDpOZIFkDtnq5JRxmvl3jsoQ==

is-glob@^4.0.0, is-glob@^4.0.1, is-glob@^4.0.3:
  version "4.0.3"
  resolved "https://registry.npmjs.org/is-glob/-/is-glob-4.0.3.tgz"
  integrity sha512-xelSayHH36ZgE7ZWhli7pW34hNbNl8Ojv5KVmkJD4hBdD3th8Tfk9vYasLM+mXWOZhFkgZfxhLSnrwRr4elSSg==
  dependencies:
    is-extglob "^2.1.1"

is-number@^7.0.0:
  version "7.0.0"
  resolved "https://registry.npmjs.org/is-number/-/is-number-7.0.0.tgz"
  integrity sha512-41Cifkg6e8TylSpdtTpeLVMqvSBEVzTttHvERD741+pnZ8ANv0004MRL43QKPDlK9cGvNp6NZWZUBlbGXYxxng==

isexe@^2.0.0:
  version "2.0.0"
  resolved "https://registry.npmjs.org/isexe/-/isexe-2.0.0.tgz"
  integrity sha512-RHxMLp9lnKHGHRng9QFhRCMbYAcVpn69smSGcq3f36xjgVVWThj4qqLbTLlq7Ssj8B+fIQ1EuCEGI2lKsyQeIw==

jiti@*, jiti@^2.4.2, jiti@>=1.21.0:
  version "2.4.2"
  resolved "https://registry.npmjs.org/jiti/-/jiti-2.4.2.tgz"
  integrity sha512-rg9zJN+G4n2nfJl5MW3BMygZX56zKPNVEYYqq7adpmMh4Jn2QNEwhvQlFy6jPVdcod7txZtKHWnyZiA3a0zP7A==

js-yaml@^4.1.0:
  version "4.1.0"
  resolved "https://registry.npmjs.org/js-yaml/-/js-yaml-4.1.0.tgz"
  integrity sha512-wpxZs9NoxZaJESJGIZTyDEaYpl0FKSA+FB9aJiyemKhMwkxQg63h4T1KJgUGHpTqPDNRcmmYLugrRjJlBtWvRA==
  dependencies:
    argparse "^2.0.1"

json-buffer@3.0.1:
  version "3.0.1"
  resolved "https://registry.npmjs.org/json-buffer/-/json-buffer-3.0.1.tgz"
  integrity sha512-4bV5BfR2mqfQTJm+V5tPPdf+ZpuhiIvTuAB5g8kcrXOZpTT/QwwVRWBywX1ozr6lEuPdbHxwaJlm9G6mI2sfSQ==

json-schema-traverse@^0.4.1:
  version "0.4.1"
  resolved "https://registry.npmjs.org/json-schema-traverse/-/json-schema-traverse-0.4.1.tgz"
  integrity sha512-xbbCH5dCYU5T8LcEhhuh7HJ88HXuW3qsI3Y0zOZFKfZEHcpWiHU/Jxzk629Brsab/mMiHQti9wMP+845RPe3Vg==

json-stable-stringify-without-jsonify@^1.0.1:
  version "1.0.1"
  resolved "https://registry.npmjs.org/json-stable-stringify-without-jsonify/-/json-stable-stringify-without-jsonify-1.0.1.tgz"
  integrity sha512-Bdboy+l7tA3OGW6FjyFHWkP5LuByj1Tk33Ljyq0axyzdk9//JSi2u3fP1QSmd1KNwq6VOKYGlAu87CisVir6Pw==

keyv@^4.5.4:
  version "4.5.4"
  resolved "https://registry.npmjs.org/keyv/-/keyv-4.5.4.tgz"
  integrity sha512-oxVHkHR/EJf2CNXnWxRLW6mg7JyCCUcG0DtEGmL2ctUo1PNTin1PUil+r/+4r5MpVgC/fn1kjsx7mjSujKqIpw==
  dependencies:
    json-buffer "3.0.1"

levn@^0.4.1:
  version "0.4.1"
  resolved "https://registry.npmjs.org/levn/-/levn-0.4.1.tgz"
  integrity sha512-+bT2uH4E5LGE7h/n3evcS/sQlJXCpIp6ym8OWJ5eV6+67Dsql/LaaT7qJBAt2rzfoa/5QBGBhxDix1dMt2kQKQ==
  dependencies:
    prelude-ls "^1.2.1"
    type-check "~0.4.0"

lightningcss-darwin-arm64@1.29.1:
  version "1.29.1"
  resolved "https://registry.npmjs.org/lightningcss-darwin-arm64/-/lightningcss-darwin-arm64-1.29.1.tgz"
  integrity sha512-HtR5XJ5A0lvCqYAoSv2QdZZyoHNttBpa5EP9aNuzBQeKGfbyH5+UipLWvVzpP4Uml5ej4BYs5I9Lco9u1fECqw==

lightningcss@^1.21.0, lightningcss@^1.29.1:
  version "1.29.1"
  resolved "https://registry.npmjs.org/lightningcss/-/lightningcss-1.29.1.tgz"
  integrity sha512-FmGoeD4S05ewj+AkhTY+D+myDvXI6eL27FjHIjoyUkO/uw7WZD1fBVs0QxeYWa7E17CUHJaYX/RUGISCtcrG4Q==
  dependencies:
    detect-libc "^1.0.3"
  optionalDependencies:
    lightningcss-darwin-arm64 "1.29.1"
    lightningcss-darwin-x64 "1.29.1"
    lightningcss-freebsd-x64 "1.29.1"
    lightningcss-linux-arm-gnueabihf "1.29.1"
    lightningcss-linux-arm64-gnu "1.29.1"
    lightningcss-linux-arm64-musl "1.29.1"
    lightningcss-linux-x64-gnu "1.29.1"
    lightningcss-linux-x64-musl "1.29.1"
    lightningcss-win32-arm64-msvc "1.29.1"
    lightningcss-win32-x64-msvc "1.29.1"

locate-path@^6.0.0:
  version "6.0.0"
  resolved "https://registry.npmjs.org/locate-path/-/locate-path-6.0.0.tgz"
  integrity sha512-iPZK6eYjbxRu3uB4/WZ3EsEIMJFMqAoopl3R+zuq0UjcAm/MO6KCweDgPfP3elTztoKP3KtnVHxTn2NHBSDVUw==
  dependencies:
    p-locate "^5.0.0"

lodash.merge@^4.6.2:
  version "4.6.2"
  resolved "https://registry.npmjs.org/lodash.merge/-/lodash.merge-4.6.2.tgz"
  integrity sha512-0KpjqXRVvrYyCsX1swR/XTK0va6VQkQM6MNo7PqW77ByjAhoARA8EfrP1N4+KlKj8YS0ZUCtRT/YUuhyYDujIQ==

merge2@^1.3.0:
  version "1.4.1"
  resolved "https://registry.npmjs.org/merge2/-/merge2-1.4.1.tgz"
  integrity sha512-8q7VEgMJW4J8tcfVPy8g09NcQwZdbwFEqhe/WZkoIzjn/3TGDwtOCYtXGxA3O8tPzpczCCDgv+P2P5y00ZJOOg==

micromatch@^4.0.8:
  version "4.0.8"
  resolved "https://registry.npmjs.org/micromatch/-/micromatch-4.0.8.tgz"
  integrity sha512-PXwfBhYu0hBCPw8Dn0E+WDYb7af3dSLVWKi3HGv84IdF4TyFoC0ysxFd0Goxw7nSv4T/PzEJQxsYsEiFCKo2BA==
  dependencies:
    braces "^3.0.3"
    picomatch "^2.3.1"

minimatch@^3.1.2:
  version "3.1.2"
  resolved "https://registry.npmjs.org/minimatch/-/minimatch-3.1.2.tgz"
  integrity sha512-J7p63hRiAjw1NDEww1W7i37+ByIrOWO5XQQAzZ3VOcL0PNybwpfmV/N05zFAzwQ9USyEcX6t3UO+K5aqBQOIHw==
  dependencies:
    brace-expansion "^1.1.7"

minimatch@^9.0.4:
  version "9.0.5"
  resolved "https://registry.npmjs.org/minimatch/-/minimatch-9.0.5.tgz"
  integrity sha512-G6T0ZX48xgozx7587koeX9Ys2NYy6Gmv//P89sEte9V9whIapMNF4idKxnW2QtCcLiTWlb/wfCabAtAFWhhBow==
  dependencies:
    brace-expansion "^2.0.1"

ms@^2.1.3:
  version "2.1.3"
  resolved "https://registry.npmjs.org/ms/-/ms-2.1.3.tgz"
  integrity sha512-6FlzubTLZG3J2a/NVCAleEhjzq5oxgHyaCU9yYXvcLsvoVaHJq/s5xXI6/XXP6tz7R9xAOtHnSO/tXtF3WRTlA==

nanoid@^3.3.8:
  version "3.3.8"
  resolved "https://registry.npmjs.org/nanoid/-/nanoid-3.3.8.tgz"
  integrity sha512-WNLf5Sd8oZxOm+TzppcYk8gVOgP+l58xNy58D0nbUnOxOWRWvlcCV4kUF7ltmI6PsrLl/BgKEyS4mqsGChFN0w==

natural-compare@^1.4.0:
  version "1.4.0"
  resolved "https://registry.npmjs.org/natural-compare/-/natural-compare-1.4.0.tgz"
  integrity sha512-OWND8ei3VtNC9h7V60qff3SVobHr996CTwgxubgyQYEpg290h9J0buyECNNJexkFm5sOajh5G116RYA1c8ZMSw==

optionator@^0.9.3:
  version "0.9.4"
  resolved "https://registry.npmjs.org/optionator/-/optionator-0.9.4.tgz"
  integrity sha512-6IpQ7mKUxRcZNLIObR0hz7lxsapSSIYNZJwXPGeF0mTVqGKFIXj1DQcMoT22S3ROcLyY/rz0PWaWZ9ayWmad9g==
  dependencies:
    deep-is "^0.1.3"
    fast-levenshtein "^2.0.6"
    levn "^0.4.1"
    prelude-ls "^1.2.1"
    type-check "^0.4.0"
    word-wrap "^1.2.5"

p-limit@^3.0.2:
  version "3.1.0"
  resolved "https://registry.npmjs.org/p-limit/-/p-limit-3.1.0.tgz"
  integrity sha512-TYOanM3wGwNGsZN2cVTYPArw454xnXj5qmWF1bEoAc4+cU/ol7GVh7odevjp1FNHduHc3KZMcFduxU5Xc6uJRQ==
  dependencies:
    yocto-queue "^0.1.0"

p-locate@^5.0.0:
  version "5.0.0"
  resolved "https://registry.npmjs.org/p-locate/-/p-locate-5.0.0.tgz"
  integrity sha512-LaNjtRWUBY++zB5nE/NwcaoMylSPk+S+ZHNB1TzdbMJMny6dynpAGt7X/tl/QYq3TIeE6nxHppbo2LGymrG5Pw==
  dependencies:
    p-limit "^3.0.2"

parent-module@^1.0.0:
  version "1.0.1"
  resolved "https://registry.npmjs.org/parent-module/-/parent-module-1.0.1.tgz"
  integrity sha512-GQ2EWRpQV8/o+Aw8YqtfZZPfNRWZYkbidE9k5rpl/hC3vtHHBfGm2Ifi6qWV+coDGkrUKZAxE3Lot5kcsRlh+g==
  dependencies:
    callsites "^3.0.0"

path-exists@^4.0.0:
  version "4.0.0"
  resolved "https://registry.npmjs.org/path-exists/-/path-exists-4.0.0.tgz"
  integrity sha512-ak9Qy5Q7jYb2Wwcey5Fpvg2KoAc/ZIhLSLOSBmRmygPsGwkVVt0fZa0qrtMz+m6tJTAHfZQ8FnmB4MG4LWy7/w==

path-key@^3.1.0:
  version "3.1.1"
  resolved "https://registry.npmjs.org/path-key/-/path-key-3.1.1.tgz"
  integrity sha512-ojmeN0qd+y0jszEtoY48r0Peq5dwMEkIlCOu6Q5f41lfkswXuKtYrhgoTpLnyIcHm24Uhqx+5Tqm2InSwLhE6Q==

picocolors@^1.1.1:
  version "1.1.1"
  resolved "https://registry.npmjs.org/picocolors/-/picocolors-1.1.1.tgz"
  integrity sha512-xceH2snhtb5M9liqDsmEw56le376mTZkEX/jEb/RxNFyegNul7eNslCXP9FDj/Lcu0X8KEyMceP2ntpaHrDEVA==

picomatch@^2.3.1:
  version "2.3.1"
  resolved "https://registry.npmjs.org/picomatch/-/picomatch-2.3.1.tgz"
  integrity sha512-JU3teHTNjmE2VCGFzuY8EXzCDVwEqB2a8fsIvwaStHhAWJEeVd1o1QD80CU6+ZdEXXSLbSsuLwJjkCBWqRQUVA==

postcss@^8.5.1:
  version "8.5.1"
  resolved "https://registry.npmjs.org/postcss/-/postcss-8.5.1.tgz"
  integrity sha512-6oz2beyjc5VMn/KV1pPw8fliQkhBXrVn1Z3TVyqZxU8kZpzEKhBdmCFqI6ZbmGtamQvQGuU1sgPTk8ZrXDD7jQ==
  dependencies:
    nanoid "^3.3.8"
    picocolors "^1.1.1"
    source-map-js "^1.2.1"

prelude-ls@^1.2.1:
  version "1.2.1"
  resolved "https://registry.npmjs.org/prelude-ls/-/prelude-ls-1.2.1.tgz"
  integrity sha512-vkcDPrRZo1QZLbn5RLGPpg/WmIQ65qoWWhcGKf/b5eplkkarX0m9z8ppCat4mlOqUsWpyNuYgO3VRyrYHSzX5g==

punycode@^2.1.0:
  version "2.3.1"
  resolved "https://registry.npmjs.org/punycode/-/punycode-2.3.1.tgz"
  integrity sha512-vYt7UD1U9Wg6138shLtLOvdAu+8DsC/ilFtEVHcH+wydcSpNE20AfSOduf6MkRFahL5FY7X1oU7nKVZFtfq8Fg==

queue-microtask@^1.2.2:
  version "1.2.3"
  resolved "https://registry.npmjs.org/queue-microtask/-/queue-microtask-1.2.3.tgz"
  integrity sha512-NuaNSa6flKT5JaSYQzJok04JzTL1CA6aGhv5rfLW3PgqA+M2ChpZQnAC8h8i4ZFkBS8X5RqkDBHA7r4hej3K9A==

react-dom@^19.0.0:
  version "19.0.0"
  resolved "https://registry.npmjs.org/react-dom/-/react-dom-19.0.0.tgz"
  integrity sha512-4GV5sHFG0e/0AD4X+ySy6UJd3jVl1iNsNHdpad0qhABJ11twS3TTBnseqsKurKcsNqCEFeGL3uLpVChpIO3QfQ==
  dependencies:
    scheduler "^0.25.0"

react@^19.0.0, "react@>= 16 || ^19.0.0-rc":
  version "19.0.0"
  resolved "https://registry.npmjs.org/react/-/react-19.0.0.tgz"
  integrity sha512-V8AVnmPIICiWpGfm6GLzCR/W5FXLchHop40W4nXBmdlEceh16rCN8O8LNWm5bh5XUX91fh7KpA+W0TgMKmgTpQ==

resolve-from@^4.0.0:
  version "4.0.0"
  resolved "https://registry.npmjs.org/resolve-from/-/resolve-from-4.0.0.tgz"
  integrity sha512-pb/MYmXstAkysRFx8piNI1tGFNQIFA3vkE3Gq4EuA1dF6gHp/+vgZqsCGJapvy8N3Q+4o7FwvquPJcnZ7RYy4g==

reusify@^1.0.4:
  version "1.0.4"
  resolved "https://registry.npmjs.org/reusify/-/reusify-1.0.4.tgz"
  integrity sha512-U9nH88a3fc/ekCF1l0/UP1IosiuIjyTh7hBvXVMHYgVcfGvt897Xguj2UOLDeI5BG2m7/uwyaLVT6fbtCwTyzw==

rollup@^4.30.1:
  version "4.34.6"
  resolved "https://registry.npmjs.org/rollup/-/rollup-4.34.6.tgz"
  integrity sha512-wc2cBWqJgkU3Iz5oztRkQbfVkbxoz5EhnCGOrnJvnLnQ7O0WhQUYyv18qQI79O8L7DdHrrlJNeCHd4VGpnaXKQ==
  dependencies:
    "@types/estree" "1.0.6"
  optionalDependencies:
    "@rollup/rollup-android-arm-eabi" "4.34.6"
    "@rollup/rollup-android-arm64" "4.34.6"
    "@rollup/rollup-darwin-arm64" "4.34.6"
    "@rollup/rollup-darwin-x64" "4.34.6"
    "@rollup/rollup-freebsd-arm64" "4.34.6"
    "@rollup/rollup-freebsd-x64" "4.34.6"
    "@rollup/rollup-linux-arm-gnueabihf" "4.34.6"
    "@rollup/rollup-linux-arm-musleabihf" "4.34.6"
    "@rollup/rollup-linux-arm64-gnu" "4.34.6"
    "@rollup/rollup-linux-arm64-musl" "4.34.6"
    "@rollup/rollup-linux-loongarch64-gnu" "4.34.6"
    "@rollup/rollup-linux-powerpc64le-gnu" "4.34.6"
    "@rollup/rollup-linux-riscv64-gnu" "4.34.6"
    "@rollup/rollup-linux-s390x-gnu" "4.34.6"
    "@rollup/rollup-linux-x64-gnu" "4.34.6"
    "@rollup/rollup-linux-x64-musl" "4.34.6"
    "@rollup/rollup-win32-arm64-msvc" "4.34.6"
    "@rollup/rollup-win32-ia32-msvc" "4.34.6"
    "@rollup/rollup-win32-x64-msvc" "4.34.6"
    fsevents "~2.3.2"

run-parallel@^1.1.9:
  version "1.2.0"
  resolved "https://registry.npmjs.org/run-parallel/-/run-parallel-1.2.0.tgz"
  integrity sha512-5l4VyZR86LZ/lDxZTR6jqL8AFE2S0IFLMP26AbjsLVADxHdhB/c0GUsH+y39UfCi3dzz8OlQuPmnaJOMoDHQBA==
  dependencies:
    queue-microtask "^1.2.2"

scheduler@^0.25.0:
  version "0.25.0"
  resolved "https://registry.npmjs.org/scheduler/-/scheduler-0.25.0.tgz"
  integrity sha512-xFVuu11jh+xcO7JOAGJNOXld8/TcEHK/4CituBUeUb5hqxJLj9YuemAEuvm9gQ/+pgXYfbQuqAkiYu+u7YEsNA==

semver@^7.6.0:
  version "7.7.1"
  resolved "https://registry.npmjs.org/semver/-/semver-7.7.1.tgz"
  integrity sha512-hlq8tAfn0m/61p4BVRcPzIGr6LKiMwo4VM6dGi6pt4qcRkmNzTcWq6eCEjEh+qXjkMDvPlOFFSGwQjoEa6gyMA==

shebang-command@^2.0.0:
  version "2.0.0"
  resolved "https://registry.npmjs.org/shebang-command/-/shebang-command-2.0.0.tgz"
  integrity sha512-kHxr2zZpYtdmrN1qDjrrX/Z1rR1kG8Dx+gkpK1G4eXmvXswmcE1hTWBWYUzlraYw1/yZp6YuDY77YtvbN0dmDA==
  dependencies:
    shebang-regex "^3.0.0"

shebang-regex@^3.0.0:
  version "3.0.0"
  resolved "https://registry.npmjs.org/shebang-regex/-/shebang-regex-3.0.0.tgz"
  integrity sha512-7++dFhtcx3353uBaq8DDR4NuxBetBzC7ZQOhmTQInHEd6bSrXdiEyzCvG07Z44UYdLShWUyXt5M/yhz8ekcb1A==

source-map-js@^1.2.1:
  version "1.2.1"
  resolved "https://registry.npmjs.org/source-map-js/-/source-map-js-1.2.1.tgz"
  integrity sha512-UXWMKhLOwVKb728IUtQPXxfYU+usdybtUrK/8uGE8CQMvrhOpwvzDBwj0QhSL7MQc7vIsISBG8VQ8+IDQxpfQA==

strip-json-comments@^3.1.1:
  version "3.1.1"
  resolved "https://registry.npmjs.org/strip-json-comments/-/strip-json-comments-3.1.1.tgz"
  integrity sha512-6fPc+R4ihwqP6N/aIv2f1gMH8lOVtWQHoqC4yK6oSDVVocumAsfCqjkXnqiYMhmMwS/mEHLp7Vehlt3ql6lEig==

supports-color@^7.1.0:
  version "7.2.0"
  resolved "https://registry.npmjs.org/supports-color/-/supports-color-7.2.0.tgz"
  integrity sha512-qpCAvRl9stuOHveKsn7HncJRvv501qIacKzQlO/+Lwxc9+0q2wLyv4Dfvt80/DPn2pqOBsJdDiogXGR9+OvwRw==
  dependencies:
    has-flag "^4.0.0"

tailwindcss@^4.0.4, tailwindcss@4.0.4:
  version "4.0.4"
  resolved "https://registry.npmjs.org/tailwindcss/-/tailwindcss-4.0.4.tgz"
  integrity sha512-/ezDLEkOLf1lXkr9F2iI5BHJbexJpty5zkV2B8bGHCqAdbc9vk85Jgdkq+ZOvNkNPa3yAaqJ8DjRt584Bc84kw==

tapable@^2.2.0:
  version "2.2.1"
  resolved "https://registry.npmjs.org/tapable/-/tapable-2.2.1.tgz"
  integrity sha512-GNzQvQTOIP6RyTfE2Qxb8ZVlNmw0n88vp1szwWRimP02mnTsx3Wtn5qRdqY9w2XduFNUgvOwhNnQsjwCp+kqaQ==

to-regex-range@^5.0.1:
  version "5.0.1"
  resolved "https://registry.npmjs.org/to-regex-range/-/to-regex-range-5.0.1.tgz"
  integrity sha512-65P7iz6X5yEr1cwcgvQxbbIw7Uk3gOy5dIdtZ4rDveLqhrdJP+Li/Hx6tyK0NEb+2GCyneCMJiGqrADCSNk8sQ==
  dependencies:
    is-number "^7.0.0"

ts-api-utils@^2.0.1:
  version "2.0.1"
  resolved "https://registry.npmjs.org/ts-api-utils/-/ts-api-utils-2.0.1.tgz"
  integrity sha512-dnlgjFSVetynI8nzgJ+qF62efpglpWRk8isUEWZGWlJYySCTD6aKvbUDu+zbPeDakk3bg5H4XpitHukgfL1m9w==

type-check@^0.4.0, type-check@~0.4.0:
  version "0.4.0"
  resolved "https://registry.npmjs.org/type-check/-/type-check-0.4.0.tgz"
  integrity sha512-XleUoc9uwGXqjWwXaUTZAmzMcFZ5858QA2vvx1Ur5xIcixXIP+8LnFDgRplU30us6teqdlskFfu+ae4K79Ooew==
  dependencies:
    prelude-ls "^1.2.1"

typescript-eslint@^8.22.0:
  version "8.23.0"
  resolved "https://registry.npmjs.org/typescript-eslint/-/typescript-eslint-8.23.0.tgz"
  integrity sha512-/LBRo3HrXr5LxmrdYSOCvoAMm7p2jNizNfbIpCgvG4HMsnoprRUOce/+8VJ9BDYWW68rqIENE/haVLWPeFZBVQ==
  dependencies:
    "@typescript-eslint/eslint-plugin" "8.23.0"
    "@typescript-eslint/parser" "8.23.0"
    "@typescript-eslint/utils" "8.23.0"

typescript@>=4.8.4, "typescript@>=4.8.4 <5.8.0", typescript@~5.7.2:
  version "5.7.3"
  resolved "https://registry.npmjs.org/typescript/-/typescript-5.7.3.tgz"
  integrity sha512-84MVSjMEHP+FQRPy3pX9sTVV/INIex71s9TL2Gm5FG/WG1SqXeKyZ0k7/blY/4FdOzI12CBy1vGc4og/eus0fw==

uri-js@^4.2.2:
  version "4.4.1"
  resolved "https://registry.npmjs.org/uri-js/-/uri-js-4.4.1.tgz"
  integrity sha512-7rKUyy33Q1yc98pQ1DAmLtwX109F7TIfWlW1Ydo8Wl1ii1SeHieeh0HHfPeL2fMXK6z0s8ecKs9frCuLJvndBg==
  dependencies:
    punycode "^2.1.0"

"vite@^4 || ^5 || ^6", "vite@^5.2.0 || ^6", vite@^6.1.0:
  version "6.1.0"
  resolved "https://registry.npmjs.org/vite/-/vite-6.1.0.tgz"
  integrity sha512-RjjMipCKVoR4hVfPY6GQTgveinjNuyLw+qruksLDvA5ktI1150VmcMBKmQaEWJhg/j6Uaf6dNCNA0AfdzUb/hQ==
  dependencies:
    esbuild "^0.24.2"
    postcss "^8.5.1"
    rollup "^4.30.1"
  optionalDependencies:
    fsevents "~2.3.3"

which@^2.0.1:
  version "2.0.2"
  resolved "https://registry.npmjs.org/which/-/which-2.0.2.tgz"
  integrity sha512-BLI3Tl1TW3Pvl70l3yq3Y64i+awpwXqsGBYWkkqMtnbXgrMD+yj7rhW0kuEDxzJaYXGjEW5ogapKNMEKNMjibA==
  dependencies:
    isexe "^2.0.0"

word-wrap@^1.2.5:
  version "1.2.5"
  resolved "https://registry.npmjs.org/word-wrap/-/word-wrap-1.2.5.tgz"
  integrity sha512-BN22B5eaMMI9UMtjrGd5g5eCYPpCPDUy0FJXbYsaT5zYxjFOckS53SQDE3pWkVoWpHXVb3BrYcEN4Twa55B5cA==

yocto-queue@^0.1.0:
  version "0.1.0"
  resolved "https://registry.npmjs.org/yocto-queue/-/yocto-queue-0.1.0.tgz"
  integrity sha512-rVksvsnNCdJ/ohGc6xgPwyN8eheCxsiLM8mxuE/t/mOVqJewPuO1miLpTHQiRgTKCLexL4MeAFVagts7HmNZ2Q==
